
Microsoft Visual Studio Solution File, Format Version 12.00
# Visual Studio Version 17
VisualStudioVersion = 17.0.31903.59
MinimumVisualStudioVersion = 10.0.40219.1
Project("{2150E333-8FDC-42A3-9474-1A3956D46DE8}") = "shared", "shared", "{843045BA-0DD3-4DE1-8F25-404162040E19}"
EndProject
Project("{FAE04EC0-301F-11D3-BF4B-00C04F79EFBC}") = "CodeBreaker.Shared", "CodeBreaker.Shared\CodeBreaker.Shared.csproj", "{71737126-2FF3-4DFD-B9B5-25CC38303B95}"
EndProject
Global
	GlobalSection(SolutionConfigurationPlatforms) = preSolution
		Debug|Any CPU = Debug|Any CPU
		Release|Any CPU = Release|Any CPU
	EndGlobalSection
	GlobalSection(SolutionProperties) = preSolution
		HideSolutionNode = FALSE
	EndGlobalSection
	GlobalSection(ProjectConfigurationPlatforms) = postSolution
		{71737126-2FF3-4DFD-B9B5-25CC38303B95}.Debug|Any CPU.ActiveCfg = Debug|Any CPU
		{71737126-2FF3-4DFD-B9B5-25CC38303B95}.Debug|Any CPU.Build.0 = Debug|Any CPU
		{71737126-2FF3-4DFD-B9B5-25CC38303B95}.Release|Any CPU.ActiveCfg = Release|Any CPU
		{71737126-2FF3-4DFD-B9B5-25CC38303B95}.Release|Any CPU.Build.0 = Release|Any CPU
	EndGlobalSection
	GlobalSection(NestedProjects) = preSolution
		{71737126-2FF3-4DFD-B9B5-25CC38303B95} = {843045BA-0DD3-4DE1-8F25-404162040E19}
	EndGlobalSection
EndGlobal
