
Microsoft Visual Studio Solution File, Format Version 12.00
# Visual Studio Version 17
VisualStudioVersion = 17.7.33711.374
MinimumVisualStudioVersion = 10.0.40219.1
Project("{9A19103F-16F7-4668-BE54-9A1E7A4F7556}") = "CodeBreaker.Data.Demo", "CodeBreaker.Data.Demo.csproj", "{FCC5939B-B774-45D3-851D-DA03D4A864F4}"
EndProject
Project("{9A19103F-16F7-4668-BE54-9A1E7A4F7556}") = "CodeBreaker.Shared", "..\shared\CodeBreaker.Shared\CodeBreaker.Shared.csproj", "{2C0AE564-BAB8-4208-897F-729E31CA133D}"
EndProject
Project("{9A19103F-16F7-4668-BE54-9A1E7A4F7556}") = "CodeBreaker.Data", "..\services\shared\CodeBreaker.Data\CodeBreaker.Data.csproj", "{FC3B67CD-BA44-4F46-91A2-4F239BA58114}"
EndProject
Global
	GlobalSection(SolutionConfigurationPlatforms) = preSolution
		Debug|Any CPU = Debug|Any CPU
		Release|Any CPU = Release|Any CPU
	EndGlobalSection
	GlobalSection(ProjectConfigurationPlatforms) = postSolution
		{FCC5939B-B774-45D3-851D-DA03D4A864F4}.Debug|Any CPU.ActiveCfg = Debug|Any CPU
		{FCC5939B-B774-45D3-851D-DA03D4A864F4}.Debug|Any CPU.Build.0 = Debug|Any CPU
		{FCC5939B-B774-45D3-851D-DA03D4A864F4}.Release|Any CPU.ActiveCfg = Release|Any CPU
		{FCC5939B-B774-45D3-851D-DA03D4A864F4}.Release|Any CPU.Build.0 = Release|Any CPU
		{2C0AE564-BAB8-4208-897F-729E31CA133D}.Debug|Any CPU.ActiveCfg = Debug|Any CPU
		{2C0AE564-BAB8-4208-897F-729E31CA133D}.Debug|Any CPU.Build.0 = Debug|Any CPU
		{2C0AE564-BAB8-4208-897F-729E31CA133D}.Release|Any CPU.ActiveCfg = Release|Any CPU
		{2C0AE564-BAB8-4208-897F-729E31CA133D}.Release|Any CPU.Build.0 = Release|Any CPU
		{FC3B67CD-BA44-4F46-91A2-4F239BA58114}.Debug|Any CPU.ActiveCfg = Debug|Any CPU
		{FC3B67CD-BA44-4F46-91A2-4F239BA58114}.Debug|Any CPU.Build.0 = Debug|Any CPU
		{FC3B67CD-BA44-4F46-91A2-4F239BA58114}.Release|Any CPU.ActiveCfg = Release|Any CPU
		{FC3B67CD-BA44-4F46-91A2-4F239BA58114}.Release|Any CPU.Build.0 = Release|Any CPU
	EndGlobalSection
	GlobalSection(SolutionProperties) = preSolution
		HideSolutionNode = FALSE
	EndGlobalSection
	GlobalSection(ExtensibilityGlobals) = postSolution
		SolutionGuid = {7B8AD558-85A3-452C-B56F-2DEF1DD4D9BD}
	EndGlobalSection
EndGlobal
