
Microsoft Visual Studio Solution File, Format Version 12.00
# Visual Studio Version 17
VisualStudioVersion = 17.7.33913.275
MinimumVisualStudioVersion = 10.0.40219.1
Project("{9A19103F-16F7-4668-BE54-9A1E7A4F7556}") = "Codebreaker.GameAPIs.Client", "Codebreaker.GameAPIs.Client\Codebreaker.GameAPIs.Client.csproj", "{87B3D527-0BB4-4B7E-9A29-525F86836FBD}"
EndProject
Global
	GlobalSection(SolutionConfigurationPlatforms) = preSolution
		Debug|Any CPU = Debug|Any CPU
		Release|Any CPU = Release|Any CPU
	EndGlobalSection
	GlobalSection(ProjectConfigurationPlatforms) = postSolution
		{87B3D527-0BB4-4B7E-9A29-525F86836FBD}.Debug|Any CPU.ActiveCfg = Debug|Any CPU
		{87B3D527-0BB4-4B7E-9A29-525F86836FBD}.Debug|Any CPU.Build.0 = Debug|Any CPU
		{87B3D527-0BB4-4B7E-9A29-525F86836FBD}.Release|Any CPU.ActiveCfg = Release|Any CPU
		{87B3D527-0BB4-4B7E-9A29-525F86836FBD}.Release|Any CPU.Build.0 = Release|Any CPU
	EndGlobalSection
	GlobalSection(SolutionProperties) = preSolution
		HideSolutionNode = FALSE
	EndGlobalSection
	GlobalSection(ExtensibilityGlobals) = postSolution
		SolutionGuid = {81F354FE-BC60-4FE4-93D7-7F93B1982EA3}
	EndGlobalSection
EndGlobal
