
Microsoft Visual Studio Solution File, Format Version 12.00
# Visual Studio Version 17
VisualStudioVersion = 17.0.31903.59
MinimumVisualStudioVersion = 10.0.40219.1
Project("{2150E333-8FDC-42A3-9474-1A3956D46DE8}") = "clients", "clients", "{83BDF6AE-872A-49C8-9463-E9EDA945A2F0}"
EndProject
Project("{2150E333-8FDC-42A3-9474-1A3956D46DE8}") = "xaml", "xaml", "{7365E9B0-9655-4D92-9550-2944510D7BA1}"
EndProject
Project("{FAE04EC0-301F-11D3-BF4B-00C04F79EFBC}") = "CodeBreaker.ViewModels", "clients\xaml\CodeBreaker.ViewModels\CodeBreaker.ViewModels.csproj", "{7A610AEE-AF04-4A08-8B92-A2C9FD8C74EC}"
EndProject
Global
	GlobalSection(SolutionConfigurationPlatforms) = preSolution
		Debug|Any CPU = Debug|Any CPU
		Release|Any CPU = Release|Any CPU
	EndGlobalSection
	GlobalSection(SolutionProperties) = preSolution
		HideSolutionNode = FALSE
	EndGlobalSection
	GlobalSection(ProjectConfigurationPlatforms) = postSolution
		{7A610AEE-AF04-4A08-8B92-A2C9FD8C74EC}.Debug|Any CPU.ActiveCfg = Debug|Any CPU
		{7A610AEE-AF04-4A08-8B92-A2C9FD8C74EC}.Debug|Any CPU.Build.0 = Debug|Any CPU
		{7A610AEE-AF04-4A08-8B92-A2C9FD8C74EC}.Release|Any CPU.ActiveCfg = Release|Any CPU
		{7A610AEE-AF04-4A08-8B92-A2C9FD8C74EC}.Release|Any CPU.Build.0 = Release|Any CPU
	EndGlobalSection
	GlobalSection(NestedProjects) = preSolution
		{7365E9B0-9655-4D92-9550-2944510D7BA1} = {83BDF6AE-872A-49C8-9463-E9EDA945A2F0}
		{7A610AEE-AF04-4A08-8B92-A2C9FD8C74EC} = {7365E9B0-9655-4D92-9550-2944510D7BA1}
	EndGlobalSection
EndGlobal
