
Microsoft Visual Studio Solution File, Format Version 12.00
# Visual Studio Version 17
VisualStudioVersion = 17.0.31903.59
MinimumVisualStudioVersion = 10.0.40219.1
Project("{2150E333-8FDC-42A3-9474-1A3956D46DE8}") = "shared", "shared", "{83916C89-16CB-4656-BC8C-791AF12E2CB8}"
EndProject
Project("{FAE04EC0-301F-11D3-BF4B-00C04F79EFBC}") = "CodeBreaker.Shared", "shared\CodeBreaker.Shared\CodeBreaker.Shared.csproj", "{191E4E39-A1DE-485B-BF7C-B755B7B8B719}"
EndProject
Global
	GlobalSection(SolutionConfigurationPlatforms) = preSolution
		Debug|Any CPU = Debug|Any CPU
		Release|Any CPU = Release|Any CPU
	EndGlobalSection
	GlobalSection(SolutionProperties) = preSolution
		HideSolutionNode = FALSE
	EndGlobalSection
	GlobalSection(ProjectConfigurationPlatforms) = postSolution
		{191E4E39-A1DE-485B-BF7C-B755B7B8B719}.Debug|Any CPU.ActiveCfg = Debug|Any CPU
		{191E4E39-A1DE-485B-BF7C-B755B7B8B719}.Debug|Any CPU.Build.0 = Debug|Any CPU
		{191E4E39-A1DE-485B-BF7C-B755B7B8B719}.Release|Any CPU.ActiveCfg = Release|Any CPU
		{191E4E39-A1DE-485B-BF7C-B755B7B8B719}.Release|Any CPU.Build.0 = Release|Any CPU
	EndGlobalSection
	GlobalSection(NestedProjects) = preSolution
		{191E4E39-A1DE-485B-BF7C-B755B7B8B719} = {83916C89-16CB-4656-BC8C-791AF12E2CB8}
	EndGlobalSection
EndGlobal
