Microsoft Visual Studio Solution File, Format Version 12.00
# Visual Studio Version 17
VisualStudioVersion = 17.14.35821.62
MinimumVisualStudioVersion = 10.0.40219.1
Project("{FAE04EC0-301F-11D3-BF4B-00C04F79EFBC}") = "GamesApi", "GamesApi\GamesApi.csproj", "{80784EC6-59EC-7C06-6568-3761A56D765C}"
EndProject
Global
	GlobalSection(SolutionConfigurationPlatforms) = preSolution
		Debug|Any CPU = Debug|Any CPU
		Release|Any CPU = Release|Any CPU
	EndGlobalSection
	GlobalSection(ProjectConfigurationPlatforms) = postSolution
		{80784EC6-59EC-7C06-6568-3761A56D765C}.Debug|Any CPU.ActiveCfg = Debug|Any CPU
		{80784EC6-59EC-7C06-6568-3761A56D765C}.Debug|Any CPU.Build.0 = Debug|Any CPU
		{80784EC6-59EC-7C06-6568-3761A56D765C}.Release|Any CPU.ActiveCfg = Release|Any CPU
		{80784EC6-59EC-7C06-6568-3761A56D765C}.Release|Any CPU.Build.0 = Release|Any CPU
	EndGlobalSection
	GlobalSection(SolutionProperties) = preSolution
		HideSolutionNode = FALSE
	EndGlobalSection
	GlobalSection(ExtensibilityGlobals) = postSolution
		SolutionGuid = {E235290A-8E57-456B-8A89-DB45EBB5016E}
	EndGlobalSection
EndGlobal
